PODS:
  - Alamofire (5.5.0)
  - RxSwift (5.1.3)
  - Socket.IO-Client-Swift (16.0.1):
    - Starscream (~> 4.0)
  - Starscream (4.0.4)

DEPENDENCIES:
  - Alamofire (~> 5.2)
  - RxSwift (~> 5)
  - Socket.IO-Client-Swift (~> 16.0.1)

SPEC REPOS:
  trunk:
    - Alamofire
    - RxSwift
    - Socket.IO-Client-Swift
    - Starscream

SPEC CHECKSUMS:
  Alamofire: 1c4fb5369c3fe93d2857c780d8bbe09f06f97e7c
  RxSwift: 915abbdfb62214aa89ccd0b194d44fb478019b27
  Socket.IO-Client-Swift: c116d6dc9fd6be9c259bacfe143f8725bce7d79e
  Starscream: 5178aed56b316f13fa3bc55694e583d35dd414d9

PODFILE CHECKSUM: 3afc3616c43b9d9fdb827744a305aae5b172371b

COCOAPODS: 1.10.2
