// !$*UTF8*$!
{
	archiveVersion = 1;
	classes = {
	};
	objectVersion = 51;
	objects = {

/* Begin PBXBuildFile section */
		62C279EC54B551BFE6397D20 /* Pods_Tarlad.framework in Frameworks */ = {isa = PBXBuildFile; fileRef = 4731025B2C2AA491375CF4DC /* Pods_Tarlad.framework */; };
		6412F8AB2515621400637C1A /* AuthViewModel.swift in Sources */ = {isa = PBXBuildFile; fileRef = 6412F8AA2515621400637C1A /* AuthViewModel.swift */; };
		6412F8AD2515658F00637C1A /* MainViewController.swift in Sources */ = {isa = PBXBuildFile; fileRef = 6412F8AC2515658F00637C1A /* MainViewController.swift */; };
		6412F8B42517621D00637C1A /* ProfileViewController.swift in Sources */ = {isa = PBXBuildFile; fileRef = 6412F8B32517621D00637C1A /* ProfileViewController.swift */; };
		6412F8B625176F1200637C1A /* Chat.swift in Sources */ = {isa = PBXBuildFile; fileRef = 6412F8B525176F1200637C1A /* Chat.swift */; };
		6412F8B82517756D00637C1A /* User.swift in Sources */ = {isa = PBXBuildFile; fileRef = 6412F8B72517756D00637C1A /* User.swift */; };
		6412F8BC251779F900637C1A /* MainViewModel.swift in Sources */ = {isa = PBXBuildFile; fileRef = 6412F8BB251779F900637C1A /* MainViewModel.swift */; };
		6412F8BF2517861B00637C1A /* SocketIO.swift in Sources */ = {isa = PBXBuildFile; fileRef = 6412F8BE2517861B00637C1A /* SocketIO.swift */; };
		6412F8C12517A76300637C1A /* Message.swift in Sources */ = {isa = PBXBuildFile; fileRef = 6412F8C02517A76300637C1A /* Message.swift */; };
		6433F0CE2527E70A00ADFB8F /* ChatViewController.swift in Sources */ = {isa = PBXBuildFile; fileRef = 6433F0CD2527E70A00ADFB8F /* ChatViewController.swift */; };
		647D5BF82529D4F5007A2AE0 /* Chats.swift in Sources */ = {isa = PBXBuildFile; fileRef = 647D5BF72529D4F5007A2AE0 /* Chats.swift */; };
		647D5BFC2529E01D007A2AE0 /* MessageCell.swift in Sources */ = {isa = PBXBuildFile; fileRef = 647D5BFB2529E01D007A2AE0 /* MessageCell.swift */; };
		647D5C00252B67A1007A2AE0 /* ChatViewModel.swift in Sources */ = {isa = PBXBuildFile; fileRef = 647D5BFF252B67A1007A2AE0 /* ChatViewModel.swift */; };
		647D5C07252B6964007A2AE0 /* MessageRepo.swift in Sources */ = {isa = PBXBuildFile; fileRef = 647D5C06252B6964007A2AE0 /* MessageRepo.swift */; };
		647D5C0A252B69B6007A2AE0 /* MessageRepoImpl.swift in Sources */ = {isa = PBXBuildFile; fileRef = 647D5C09252B69B6007A2AE0 /* MessageRepoImpl.swift */; };
		647F77F2251D23C400CB82D6 /* UserRepo.swift in Sources */ = {isa = PBXBuildFile; fileRef = 647F77F1251D23C400CB82D6 /* UserRepo.swift */; };
		647F77F6251D244200CB82D6 /* UserRepoImpl.swift in Sources */ = {isa = PBXBuildFile; fileRef = 647F77F5251D244200CB82D6 /* UserRepoImpl.swift */; };
		647F77F8251D263900CB82D6 /* Box.swift in Sources */ = {isa = PBXBuildFile; fileRef = 647F77F7251D263900CB82D6 /* Box.swift */; };
		647F77FB251D2DC500CB82D6 /* ChatRepo.swift in Sources */ = {isa = PBXBuildFile; fileRef = 647F77FA251D2DC500CB82D6 /* ChatRepo.swift */; };
		647F77FD251D2E2300CB82D6 /* ChatRepoImpl.swift in Sources */ = {isa = PBXBuildFile; fileRef = 647F77FC251D2E2300CB82D6 /* ChatRepoImpl.swift */; };
		647F77FF251E6FD600CB82D6 /* MainRepo.swift in Sources */ = {isa = PBXBuildFile; fileRef = 647F77FE251E6FD600CB82D6 /* MainRepo.swift */; };
		647F7801251E71BF00CB82D6 /* MainRepoImpl.swift in Sources */ = {isa = PBXBuildFile; fileRef = 647F7800251E71BF00CB82D6 /* MainRepoImpl.swift */; };
		647F7803251EA13200CB82D6 /* Extensions.swift in Sources */ = {isa = PBXBuildFile; fileRef = 647F7802251EA13200CB82D6 /* Extensions.swift */; };
		647F7805251EA1A200CB82D6 /* ChatCell.swift in Sources */ = {isa = PBXBuildFile; fileRef = 647F7804251EA1A200CB82D6 /* ChatCell.swift */; };
		647F7808251EA3C500CB82D6 /* Tarlad.xcdatamodeld in Sources */ = {isa = PBXBuildFile; fileRef = 647F7806251EA3C500CB82D6 /* Tarlad.xcdatamodeld */; };
		64851859250FAD4800DE47BF /* AppDelegate.swift in Sources */ = {isa = PBXBuildFile; fileRef = 64851858250FAD4800DE47BF /* AppDelegate.swift */; };
		6485185B250FAD4800DE47BF /* SceneDelegate.swift in Sources */ = {isa = PBXBuildFile; fileRef = 6485185A250FAD4800DE47BF /* SceneDelegate.swift */; };
		64851862250FAD4800DE47BF /* Main.storyboard in Resources */ = {isa = PBXBuildFile; fileRef = 64851860250FAD4800DE47BF /* Main.storyboard */; };
		64851864250FAD4A00DE47BF /* Assets.xcassets in Resources */ = {isa = PBXBuildFile; fileRef = 64851863250FAD4A00DE47BF /* Assets.xcassets */; };
		64851867250FAD4A00DE47BF /* LaunchScreen.storyboard in Resources */ = {isa = PBXBuildFile; fileRef = 64851865250FAD4A00DE47BF /* LaunchScreen.storyboard */; };
		6487661C250FC10C00FD272D /* AuthViewController.swift in Sources */ = {isa = PBXBuildFile; fileRef = 6487661B250FC10C00FD272D /* AuthViewController.swift */; };
		64AF2031251149EF008E34CC /* TokenDTO.swift in Sources */ = {isa = PBXBuildFile; fileRef = 64AF2030251149EF008E34CC /* TokenDTO.swift */; };
		64AF203325114A0D008E34CC /* LoginCreditentals.swift in Sources */ = {isa = PBXBuildFile; fileRef = 64AF203225114A0D008E34CC /* LoginCreditentals.swift */; };
		64AF203525114AB4008E34CC /* Token.swift in Sources */ = {isa = PBXBuildFile; fileRef = 64AF203425114AB4008E34CC /* Token.swift */; };
/* End PBXBuildFile section */

/* Begin PBXFileReference section */
		4731025B2C2AA491375CF4DC /* Pods_Tarlad.framework */ = {isa = PBXFileReference; explicitFileType = wrapper.framework; includeInIndex = 0; path = Pods_Tarlad.framework; sourceTree = BUILT_PRODUCTS_DIR; };
		6412F8AA2515621400637C1A /* AuthViewModel.swift */ = {isa = PBXFileReference; lastKnownFileType = sourcecode.swift; path = AuthViewModel.swift; sourceTree = "<group>"; };
		6412F8AC2515658F00637C1A /* MainViewController.swift */ = {isa = PBXFileReference; lastKnownFileType = sourcecode.swift; path = MainViewController.swift; sourceTree = "<group>"; };
		6412F8B32517621D00637C1A /* ProfileViewController.swift */ = {isa = PBXFileReference; lastKnownFileType = sourcecode.swift; path = ProfileViewController.swift; sourceTree = "<group>"; };
		6412F8B525176F1200637C1A /* Chat.swift */ = {isa = PBXFileReference; lastKnownFileType = sourcecode.swift; path = Chat.swift; sourceTree = "<group>"; };
		6412F8B72517756D00637C1A /* User.swift */ = {isa = PBXFileReference; lastKnownFileType = sourcecode.swift; path = User.swift; sourceTree = "<group>"; };
		6412F8BB251779F900637C1A /* MainViewModel.swift */ = {isa = PBXFileReference; lastKnownFileType = sourcecode.swift; path = MainViewModel.swift; sourceTree = "<group>"; };
		6412F8BE2517861B00637C1A /* SocketIO.swift */ = {isa = PBXFileReference; lastKnownFileType = sourcecode.swift; path = SocketIO.swift; sourceTree = "<group>"; };
		6412F8C02517A76300637C1A /* Message.swift */ = {isa = PBXFileReference; lastKnownFileType = sourcecode.swift; path = Message.swift; sourceTree = "<group>"; };
		6433F0CD2527E70A00ADFB8F /* ChatViewController.swift */ = {isa = PBXFileReference; lastKnownFileType = sourcecode.swift; path = ChatViewController.swift; sourceTree = "<group>"; };
		647D5BF72529D4F5007A2AE0 /* Chats.swift */ = {isa = PBXFileReference; lastKnownFileType = sourcecode.swift; path = Chats.swift; sourceTree = "<group>"; };
		647D5BFB2529E01D007A2AE0 /* MessageCell.swift */ = {isa = PBXFileReference; lastKnownFileType = sourcecode.swift; path = MessageCell.swift; sourceTree = "<group>"; };
		647D5BFF252B67A1007A2AE0 /* ChatViewModel.swift */ = {isa = PBXFileReference; lastKnownFileType = sourcecode.swift; path = ChatViewModel.swift; sourceTree = "<group>"; };
		647D5C06252B6964007A2AE0 /* MessageRepo.swift */ = {isa = PBXFileReference; lastKnownFileType = sourcecode.swift; path = MessageRepo.swift; sourceTree = "<group>"; };
		647D5C09252B69B6007A2AE0 /* MessageRepoImpl.swift */ = {isa = PBXFileReference; lastKnownFileType = sourcecode.swift; path = MessageRepoImpl.swift; sourceTree = "<group>"; };
		647F77F1251D23C400CB82D6 /* UserRepo.swift */ = {isa = PBXFileReference; lastKnownFileType = sourcecode.swift; path = UserRepo.swift; sourceTree = "<group>"; };
		647F77F5251D244200CB82D6 /* UserRepoImpl.swift */ = {isa = PBXFileReference; lastKnownFileType = sourcecode.swift; path = UserRepoImpl.swift; sourceTree = "<group>"; };
		647F77F7251D263900CB82D6 /* Box.swift */ = {isa = PBXFileReference; lastKnownFileType = sourcecode.swift; path = Box.swift; sourceTree = "<group>"; };
		647F77FA251D2DC500CB82D6 /* ChatRepo.swift */ = {isa = PBXFileReference; lastKnownFileType = sourcecode.swift; path = ChatRepo.swift; sourceTree = "<group>"; };
		647F77FC251D2E2300CB82D6 /* ChatRepoImpl.swift */ = {isa = PBXFileReference; lastKnownFileType = sourcecode.swift; path = ChatRepoImpl.swift; sourceTree = "<group>"; };
		647F77FE251E6FD600CB82D6 /* MainRepo.swift */ = {isa = PBXFileReference; lastKnownFileType = sourcecode.swift; path = MainRepo.swift; sourceTree = "<group>"; };
		647F7800251E71BF00CB82D6 /* MainRepoImpl.swift */ = {isa = PBXFileReference; lastKnownFileType = sourcecode.swift; path = MainRepoImpl.swift; sourceTree = "<group>"; };
		647F7802251EA13200CB82D6 /* Extensions.swift */ = {isa = PBXFileReference; lastKnownFileType = sourcecode.swift; path = Extensions.swift; sourceTree = "<group>"; };
		647F7804251EA1A200CB82D6 /* ChatCell.swift */ = {isa = PBXFileReference; lastKnownFileType = sourcecode.swift; path = ChatCell.swift; sourceTree = "<group>"; };
		647F7807251EA3C500CB82D6 /* Tarlad.xcdatamodel */ = {isa = PBXFileReference; lastKnownFileType = wrapper.xcdatamodel; path = Tarlad.xcdatamodel; sourceTree = "<group>"; };
		64851855250FAD4800DE47BF /* Tarlad.app */ = {isa = PBXFileReference; explicitFileType = wrapper.application; includeInIndex = 0; path = Tarlad.app; sourceTree = BUILT_PRODUCTS_DIR; };
		64851858250FAD4800DE47BF /* AppDelegate.swift */ = {isa = PBXFileReference; lastKnownFileType = sourcecode.swift; path = AppDelegate.swift; sourceTree = "<group>"; };
		6485185A250FAD4800DE47BF /* SceneDelegate.swift */ = {isa = PBXFileReference; lastKnownFileType = sourcecode.swift; path = SceneDelegate.swift; sourceTree = "<group>"; };
		64851861250FAD4800DE47BF /* Base */ = {isa = PBXFileReference; lastKnownFileType = file.storyboard; name = Base; path = Base.lproj/Main.storyboard; sourceTree = "<group>"; };
		64851863250FAD4A00DE47BF /* Assets.xcassets */ = {isa = PBXFileReference; lastKnownFileType = folder.assetcatalog; path = Assets.xcassets; sourceTree = "<group>"; };
		64851866250FAD4A00DE47BF /* Base */ = {isa = PBXFileReference; lastKnownFileType = file.storyboard; name = Base; path = Base.lproj/LaunchScreen.storyboard; sourceTree = "<group>"; };
		64851868250FAD4A00DE47BF /* Info.plist */ = {isa = PBXFileReference; lastKnownFileType = text.plist.xml; path = Info.plist; sourceTree = "<group>"; };
		6487661B250FC10C00FD272D /* AuthViewController.swift */ = {isa = PBXFileReference; lastKnownFileType = sourcecode.swift; path = AuthViewController.swift; sourceTree = "<group>"; };
		64AF2030251149EF008E34CC /* TokenDTO.swift */ = {isa = PBXFileReference; lastKnownFileType = sourcecode.swift; path = TokenDTO.swift; sourceTree = "<group>"; };
		64AF203225114A0D008E34CC /* LoginCreditentals.swift */ = {isa = PBXFileReference; lastKnownFileType = sourcecode.swift; path = LoginCreditentals.swift; sourceTree = "<group>"; };
		64AF203425114AB4008E34CC /* Token.swift */ = {isa = PBXFileReference; lastKnownFileType = sourcecode.swift; path = Token.swift; sourceTree = "<group>"; };
		AD6A3663261B7DBDCE5F4B1F /* Pods-Tarlad.debug.xcconfig */ = {isa = PBXFileReference; includeInIndex = 1; lastKnownFileType = text.xcconfig; name = "Pods-Tarlad.debug.xcconfig"; path = "Target Support Files/Pods-Tarlad/Pods-Tarlad.debug.xcconfig"; sourceTree = "<group>"; };
		CADC7C9BE86B105585D8EAC4 /* Pods-Tarlad.release.xcconfig */ = {isa = PBXFileReference; includeInIndex = 1; lastKnownFileType = text.xcconfig; name = "Pods-Tarlad.release.xcconfig"; path = "Target Support Files/Pods-Tarlad/Pods-Tarlad.release.xcconfig"; sourceTree = "<group>"; };
/* End PBXFileReference section */

/* Begin PBXFrameworksBuildPhase section */
		64851852250FAD4800DE47BF /* Frameworks */ = {
			isa = PBXFrameworksBuildPhase;
			buildActionMask = 2147483647;
			files = (
				62C279EC54B551BFE6397D20 /* Pods_Tarlad.framework in Frameworks */,
			);
			runOnlyForDeploymentPostprocessing = 0;
		};
/* End PBXFrameworksBuildPhase section */

/* Begin PBXGroup section */
		299C8DF5E9747A97BA911F32 /* Pods */ = {
			isa = PBXGroup;
			children = (
				AD6A3663261B7DBDCE5F4B1F /* Pods-Tarlad.debug.xcconfig */,
				CADC7C9BE86B105585D8EAC4 /* Pods-Tarlad.release.xcconfig */,
			);
			path = Pods;
			sourceTree = "<group>";
		};
		600A4A3F4130E145477ED77B /* Frameworks */ = {
			isa = PBXGroup;
			children = (
				4731025B2C2AA491375CF4DC /* Pods_Tarlad.framework */,
			);
			name = Frameworks;
			sourceTree = "<group>";
		};
		6412F8BD251785CC00637C1A /* Repositories */ = {
			isa = PBXGroup;
			children = (
				647F77F4251D243200CB82D6 /* Impl */,
				647F77F1251D23C400CB82D6 /* UserRepo.swift */,
				647F77FA251D2DC500CB82D6 /* ChatRepo.swift */,
				647F77FE251E6FD600CB82D6 /* MainRepo.swift */,
				647D5C06252B6964007A2AE0 /* MessageRepo.swift */,
			);
			path = Repositories;
			sourceTree = "<group>";
		};
		647D5BF62529D4E0007A2AE0 /* Enums */ = {
			isa = PBXGroup;
			children = (
				647D5BF72529D4F5007A2AE0 /* Chats.swift */,
			);
			path = Enums;
			sourceTree = "<group>";
		};
		647D5C02252B67BF007A2AE0 /* Controllers */ = {
			isa = PBXGroup;
			children = (
				6487661B250FC10C00FD272D /* AuthViewController.swift */,
				6412F8AC2515658F00637C1A /* MainViewController.swift */,
				6412F8B32517621D00637C1A /* ProfileViewController.swift */,
				6433F0CD2527E70A00ADFB8F /* ChatViewController.swift */,
			);
			path = Controllers;
			sourceTree = "<group>";
		};
		647D5C03252B67D4007A2AE0 /* Cells */ = {
			isa = PBXGroup;
			children = (
				647F7804251EA1A200CB82D6 /* ChatCell.swift */,
				647D5BFB2529E01D007A2AE0 /* MessageCell.swift */,
			);
			path = Cells;
			sourceTree = "<group>";
		};
		647E127425110A3000D451B1 /* ViewModels */ = {
			isa = PBXGroup;
			children = (
				6412F8AA2515621400637C1A /* AuthViewModel.swift */,
				6412F8BB251779F900637C1A /* MainViewModel.swift */,
				647D5BFF252B67A1007A2AE0 /* ChatViewModel.swift */,
			);
			path = ViewModels;
			sourceTree = "<group>";
		};
		647E127525110A4700D451B1 /* Views */ = {
			isa = PBXGroup;
			children = (
				647D5C03252B67D4007A2AE0 /* Cells */,
				647D5C02252B67BF007A2AE0 /* Controllers */,
			);
			path = Views;
			sourceTree = "<group>";
		};
		647F77F3251D23FD00CB82D6 /* Helpers */ = {
			isa = PBXGroup;
			children = (
				6412F8BE2517861B00637C1A /* SocketIO.swift */,
				647F77F7251D263900CB82D6 /* Box.swift */,
				647F7802251EA13200CB82D6 /* Extensions.swift */,
			);
			path = Helpers;
			sourceTree = "<group>";
		};
		647F77F4251D243200CB82D6 /* Impl */ = {
			isa = PBXGroup;
			children = (
				647F77F5251D244200CB82D6 /* UserRepoImpl.swift */,
				647F77FC251D2E2300CB82D6 /* ChatRepoImpl.swift */,
				647F7800251E71BF00CB82D6 /* MainRepoImpl.swift */,
				647D5C09252B69B6007A2AE0 /* MessageRepoImpl.swift */,
			);
			path = Impl;
			sourceTree = "<group>";
		};
		6485184C250FAD4800DE47BF = {
			isa = PBXGroup;
			children = (
				64851857250FAD4800DE47BF /* Tarlad */,
				64851856250FAD4800DE47BF /* Products */,
				299C8DF5E9747A97BA911F32 /* Pods */,
				600A4A3F4130E145477ED77B /* Frameworks */,
			);
			sourceTree = "<group>";
		};
		64851856250FAD4800DE47BF /* Products */ = {
			isa = PBXGroup;
			children = (
				64851855250FAD4800DE47BF /* Tarlad.app */,
			);
			name = Products;
			sourceTree = "<group>";
		};
		64851857250FAD4800DE47BF /* Tarlad */ = {
			isa = PBXGroup;
			children = (
				647D5BF62529D4E0007A2AE0 /* Enums */,
				647F77F3251D23FD00CB82D6 /* Helpers */,
				6412F8BD251785CC00637C1A /* Repositories */,
				64AF202F251149E4008E34CC /* Models */,
				647E127525110A4700D451B1 /* Views */,
				647E127425110A3000D451B1 /* ViewModels */,
				64851858250FAD4800DE47BF /* AppDelegate.swift */,
				6485185A250FAD4800DE47BF /* SceneDelegate.swift */,
				64851860250FAD4800DE47BF /* Main.storyboard */,
				64851863250FAD4A00DE47BF /* Assets.xcassets */,
				64851865250FAD4A00DE47BF /* LaunchScreen.storyboard */,
				64851868250FAD4A00DE47BF /* Info.plist */,
				647F7806251EA3C500CB82D6 /* Tarlad.xcdatamodeld */,
			);
			path = Tarlad;
			sourceTree = "<group>";
		};
		64AF202F251149E4008E34CC /* Models */ = {
			isa = PBXGroup;
			children = (
				64AF2030251149EF008E34CC /* TokenDTO.swift */,
				64AF203225114A0D008E34CC /* LoginCreditentals.swift */,
				64AF203425114AB4008E34CC /* Token.swift */,
				6412F8B525176F1200637C1A /* Chat.swift */,
				6412F8B72517756D00637C1A /* User.swift */,
				6412F8C02517A76300637C1A /* Message.swift */,
			);
			path = Models;
			sourceTree = "<group>";
		};
/* End PBXGroup section */

/* Begin PBXNativeTarget section */
		64851854250FAD4800DE47BF /* Tarlad */ = {
			isa = PBXNativeTarget;
			buildConfigurationList = 6485186B250FAD4A00DE47BF /* Build configuration list for PBXNativeTarget "Tarlad" */;
			buildPhases = (
				F1448A1FF355F67EAEB55317 /* [CP] Check Pods Manifest.lock */,
				64851851250FAD4800DE47BF /* Sources */,
				64851852250FAD4800DE47BF /* Frameworks */,
				64851853250FAD4800DE47BF /* Resources */,
				EED7D1951BB2FEB50A74ACB8 /* [CP] Embed Pods Frameworks */,
			);
			buildRules = (
			);
			dependencies = (
			);
			name = Tarlad;
			productName = Tarlad;
			productReference = 64851855250FAD4800DE47BF /* Tarlad.app */;
			productType = "com.apple.product-type.application";
		};
/* End PBXNativeTarget section */

/* Begin PBXProject section */
		6485184D250FAD4800DE47BF /* Project object */ = {
			isa = PBXProject;
			attributes = {
				LastSwiftUpdateCheck = 1170;
				LastUpgradeCheck = 1170;
				ORGANIZATIONNAME = Tarlad;
				TargetAttributes = {
					64851854250FAD4800DE47BF = {
						CreatedOnToolsVersion = 11.7;
					};
				};
			};
			buildConfigurationList = 64851850250FAD4800DE47BF /* Build configuration list for PBXProject "Tarlad" */;
			compatibilityVersion = "Xcode 9.3";
			developmentRegion = en;
			hasScannedForEncodings = 0;
			knownRegions = (
				en,
				Base,
			);
			mainGroup = 6485184C250FAD4800DE47BF;
			productRefGroup = 64851856250FAD4800DE47BF /* Products */;
			projectDirPath = "";
			projectRoot = "";
			targets = (
				64851854250FAD4800DE47BF /* Tarlad */,
			);
		};
/* End PBXProject section */

/* Begin PBXResourcesBuildPhase section */
		64851853250FAD4800DE47BF /* Resources */ = {
			isa = PBXResourcesBuildPhase;
			buildActionMask = 2147483647;
			files = (
				64851867250FAD4A00DE47BF /* LaunchScreen.storyboard in Resources */,
				64851864250FAD4A00DE47BF /* Assets.xcassets in Resources */,
				64851862250FAD4800DE47BF /* Main.storyboard in Resources */,
			);
			runOnlyForDeploymentPostprocessing = 0;
		};
/* End PBXResourcesBuildPhase section */

/* Begin PBXShellScriptBuildPhase section */
		EED7D1951BB2FEB50A74ACB8 /* [CP] Embed Pods Frameworks */ = {
			isa = PBXShellScriptBuildPhase;
			buildActionMask = 2147483647;
			files = (
			);
			inputFileListPaths = (
				"${PODS_ROOT}/Target Support Files/Pods-Tarlad/Pods-Tarlad-frameworks-${CONFIGURATION}-input-files.xcfilelist",
			);
			name = "[CP] Embed Pods Frameworks";
			outputFileListPaths = (
				"${PODS_ROOT}/Target Support Files/Pods-Tarlad/Pods-Tarlad-frameworks-${CONFIGURATION}-output-files.xcfilelist",
			);
			runOnlyForDeploymentPostprocessing = 0;
			shellPath = /bin/sh;
			shellScript = "\"${PODS_ROOT}/Target Support Files/Pods-Tarlad/Pods-Tarlad-frameworks.sh\"\n";
			showEnvVarsInLog = 0;
		};
		F1448A1FF355F67EAEB55317 /* [CP] Check Pods Manifest.lock */ = {
			isa = PBXShellScriptBuildPhase;
			buildActionMask = 2147483647;
			files = (
			);
			inputFileListPaths = (
			);
			inputPaths = (
				"${PODS_PODFILE_DIR_PATH}/Podfile.lock",
				"${PODS_ROOT}/Manifest.lock",
			);
			name = "[CP] Check Pods Manifest.lock";
			outputFileListPaths = (
			);
			outputPaths = (
				"$(DERIVED_FILE_DIR)/Pods-Tarlad-checkManifestLockResult.txt",
			);
			runOnlyForDeploymentPostprocessing = 0;
			shellPath = /bin/sh;
			shellScript = "diff \"${PODS_PODFILE_DIR_PATH}/Podfile.lock\" \"${PODS_ROOT}/Manifest.lock\" > /dev/null\nif [ $? != 0 ] ; then\n    # print error to STDERR\n    echo \"error: The sandbox is not in sync with the Podfile.lock. Run 'pod install' or update your CocoaPods installation.\" >&2\n    exit 1\nfi\n# This output is used by Xcode 'outputs' to avoid re-running this script phase.\necho \"SUCCESS\" > \"${SCRIPT_OUTPUT_FILE_0}\"\n";
			showEnvVarsInLog = 0;
		};
/* End PBXShellScriptBuildPhase section */

/* Begin PBXSourcesBuildPhase section */
		64851851250FAD4800DE47BF /* Sources */ = {
			isa = PBXSourcesBuildPhase;
			buildActionMask = 2147483647;
			files = (
				647F7803251EA13200CB82D6 /* Extensions.swift in Sources */,
				64851859250FAD4800DE47BF /* AppDelegate.swift in Sources */,
				64AF203525114AB4008E34CC /* Token.swift in Sources */,
				64AF203325114A0D008E34CC /* LoginCreditentals.swift in Sources */,
				6412F8B625176F1200637C1A /* Chat.swift in Sources */,
				647D5C0A252B69B6007A2AE0 /* MessageRepoImpl.swift in Sources */,
				647F7801251E71BF00CB82D6 /* MainRepoImpl.swift in Sources */,
				6412F8BC251779F900637C1A /* MainViewModel.swift in Sources */,
				6412F8BF2517861B00637C1A /* SocketIO.swift in Sources */,
				6485185B250FAD4800DE47BF /* SceneDelegate.swift in Sources */,
				647F77F6251D244200CB82D6 /* UserRepoImpl.swift in Sources */,
				647F77F8251D263900CB82D6 /* Box.swift in Sources */,
				6412F8AB2515621400637C1A /* AuthViewModel.swift in Sources */,
				647D5BFC2529E01D007A2AE0 /* MessageCell.swift in Sources */,
				64AF2031251149EF008E34CC /* TokenDTO.swift in Sources */,
				6412F8B42517621D00637C1A /* ProfileViewController.swift in Sources */,
				647D5C07252B6964007A2AE0 /* MessageRepo.swift in Sources */,
				6412F8AD2515658F00637C1A /* MainViewController.swift in Sources */,
				647F77FB251D2DC500CB82D6 /* ChatRepo.swift in Sources */,
				647F7808251EA3C500CB82D6 /* Tarlad.xcdatamodeld in Sources */,
				647F7805251EA1A200CB82D6 /* ChatCell.swift in Sources */,
				647F77FF251E6FD600CB82D6 /* MainRepo.swift in Sources */,
				6412F8C12517A76300637C1A /* Message.swift in Sources */,
				6487661C250FC10C00FD272D /* AuthViewController.swift in Sources */,
				647D5C00252B67A1007A2AE0 /* ChatViewModel.swift in Sources */,
				6433F0CE2527E70A00ADFB8F /* ChatViewController.swift in Sources */,
				647F77FD251D2E2300CB82D6 /* ChatRepoImpl.swift in Sources */,
				647F77F2251D23C400CB82D6 /* UserRepo.swift in Sources */,
				6412F8B82517756D00637C1A /* User.swift in Sources */,
				647D5BF82529D4F5007A2AE0 /* Chats.swift in Sources */,
			);
			runOnlyForDeploymentPostprocessing = 0;
		};
/* End PBXSourcesBuildPhase section */

/* Begin PBXVariantGroup section */
		64851860250FAD4800DE47BF /* Main.storyboard */ = {
			isa = PBXVariantGroup;
			children = (
				64851861250FAD4800DE47BF /* Base */,
			);
			name = Main.storyboard;
			sourceTree = "<group>";
		};
		64851865250FAD4A00DE47BF /* LaunchScreen.storyboard */ = {
			isa = PBXVariantGroup;
			children = (
				64851866250FAD4A00DE47BF /* Base */,
			);
			name = LaunchScreen.storyboard;
			sourceTree = "<group>";
		};
/* End PBXVariantGroup section */

/* Begin XCBuildConfiguration section */
		64851869250FAD4A00DE47BF /* Debug */ = {
			isa = XCBuildConfiguration;
			buildSettings = {
				ALWAYS_SEARCH_USER_PATHS = NO;
				CLANG_ANALYZER_NONNULL = YES;
				CLANG_ANALYZER_NUMBER_OBJECT_CONVERSION = YES_AGGRESSIVE;
				CLANG_CXX_LANGUAGE_STANDARD = "gnu++14";
				CLANG_CXX_LIBRARY = "libc++";
				CLANG_ENABLE_MODULES = YES;
				CLANG_ENABLE_OBJC_ARC = YES;
				CLANG_ENABLE_OBJC_WEAK = YES;
				CLANG_WARN_BLOCK_CAPTURE_AUTORELEASING = YES;
				CLANG_WARN_BOOL_CONVERSION = YES;
				CLANG_WARN_COMMA = YES;
				CLANG_WARN_CONSTANT_CONVERSION = YES;
				CLANG_WARN_DEPRECATED_OBJC_IMPLEMENTATIONS = YES;
				CLANG_WARN_DIRECT_OBJC_ISA_USAGE = YES_ERROR;
				CLANG_WARN_DOCUMENTATION_COMMENTS = YES;
				CLANG_WARN_EMPTY_BODY = YES;
				CLANG_WARN_ENUM_CONVERSION = YES;
				CLANG_WARN_INFINITE_RECURSION = YES;
				CLANG_WARN_INT_CONVERSION = YES;
				CLANG_WARN_NON_LITERAL_NULL_CONVERSION = YES;
				CLANG_WARN_OBJC_IMPLICIT_RETAIN_SELF = YES;
				CLANG_WARN_OBJC_LITERAL_CONVERSION = YES;
				CLANG_WARN_OBJC_ROOT_CLASS = YES_ERROR;
				CLANG_WARN_RANGE_LOOP_ANALYSIS = YES;
				CLANG_WARN_STRICT_PROTOTYPES = YES;
				CLANG_WARN_SUSPICIOUS_MOVE = YES;
				CLANG_WARN_UNGUARDED_AVAILABILITY = YES_AGGRESSIVE;
				CLANG_WARN_UNREACHABLE_CODE = YES;
				CLANG_WARN__DUPLICATE_METHOD_MATCH = YES;
				COPY_PHASE_STRIP = NO;
				DEBUG_INFORMATION_FORMAT = dwarf;
				ENABLE_STRICT_OBJC_MSGSEND = YES;
				ENABLE_TESTABILITY = YES;
				GCC_C_LANGUAGE_STANDARD = gnu11;
				GCC_DYNAMIC_NO_PIC = NO;
				GCC_NO_COMMON_BLOCKS = YES;
				GCC_OPTIMIZATION_LEVEL = 0;
				GCC_PREPROCESSOR_DEFINITIONS = (
					"DEBUG=1",
					"$(inherited)",
				);
				GCC_WARN_64_TO_32_BIT_CONVERSION = YES;
				GCC_WARN_ABOUT_RETURN_TYPE = YES_ERROR;
				GCC_WARN_UNDECLARED_SELECTOR = YES;
				GCC_WARN_UNINITIALIZED_AUTOS = YES_AGGRESSIVE;
				GCC_WARN_UNUSED_FUNCTION = YES;
				GCC_WARN_UNUSED_VARIABLE = YES;
				IPHONEOS_DEPLOYMENT_TARGET = 13.7;
				MTL_ENABLE_DEBUG_INFO = INCLUDE_SOURCE;
				MTL_FAST_MATH = YES;
				ONLY_ACTIVE_ARCH = YES;
				SDKROOT = iphoneos;
				SWIFT_ACTIVE_COMPILATION_CONDITIONS = DEBUG;
				SWIFT_OPTIMIZATION_LEVEL = "-Onone";
			};
			name = Debug;
		};
		6485186A250FAD4A00DE47BF /* Release */ = {
			isa = XCBuildConfiguration;
			buildSettings = {
				ALWAYS_SEARCH_USER_PATHS = NO;
				CLANG_ANALYZER_NONNULL = YES;
				CLANG_ANALYZER_NUMBER_OBJECT_CONVERSION = YES_AGGRESSIVE;
				CLANG_CXX_LANGUAGE_STANDARD = "gnu++14";
				CLANG_CXX_LIBRARY = "libc++";
				CLANG_ENABLE_MODULES = YES;
				CLANG_ENABLE_OBJC_ARC = YES;
				CLANG_ENABLE_OBJC_WEAK = YES;
				CLANG_WARN_BLOCK_CAPTURE_AUTORELEASING = YES;
				CLANG_WARN_BOOL_CONVERSION = YES;
				CLANG_WARN_COMMA = YES;
				CLANG_WARN_CONSTANT_CONVERSION = YES;
				CLANG_WARN_DEPRECATED_OBJC_IMPLEMENTATIONS = YES;
				CLANG_WARN_DIRECT_OBJC_ISA_USAGE = YES_ERROR;
				CLANG_WARN_DOCUMENTATION_COMMENTS = YES;
				CLANG_WARN_EMPTY_BODY = YES;
				CLANG_WARN_ENUM_CONVERSION = YES;
				CLANG_WARN_INFINITE_RECURSION = YES;
				CLANG_WARN_INT_CONVERSION = YES;
				CLANG_WARN_NON_LITERAL_NULL_CONVERSION = YES;
				CLANG_WARN_OBJC_IMPLICIT_RETAIN_SELF = YES;
				CLANG_WARN_OBJC_LITERAL_CONVERSION = YES;
				CLANG_WARN_OBJC_ROOT_CLASS = YES_ERROR;
				CLANG_WARN_RANGE_LOOP_ANALYSIS = YES;
				CLANG_WARN_STRICT_PROTOTYPES = YES;
				CLANG_WARN_SUSPICIOUS_MOVE = YES;
				CLANG_WARN_UNGUARDED_AVAILABILITY = YES_AGGRESSIVE;
				CLANG_WARN_UNREACHABLE_CODE = YES;
				CLANG_WARN__DUPLICATE_METHOD_MATCH = YES;
				COPY_PHASE_STRIP = NO;
				DEBUG_INFORMATION_FORMAT = "dwarf-with-dsym";
				ENABLE_NS_ASSERTIONS = NO;
				ENABLE_STRICT_OBJC_MSGSEND = YES;
				GCC_C_LANGUAGE_STANDARD = gnu11;
				GCC_NO_COMMON_BLOCKS = YES;
				GCC_WARN_64_TO_32_BIT_CONVERSION = YES;
				GCC_WARN_ABOUT_RETURN_TYPE = YES_ERROR;
				GCC_WARN_UNDECLARED_SELECTOR = YES;
				GCC_WARN_UNINITIALIZED_AUTOS = YES_AGGRESSIVE;
				GCC_WARN_UNUSED_FUNCTION = YES;
				GCC_WARN_UNUSED_VARIABLE = YES;
				IPHONEOS_DEPLOYMENT_TARGET = 13.7;
				MTL_ENABLE_DEBUG_INFO = NO;
				MTL_FAST_MATH = YES;
				SDKROOT = iphoneos;
				SWIFT_COMPILATION_MODE = wholemodule;
				SWIFT_OPTIMIZATION_LEVEL = "-O";
				VALIDATE_PRODUCT = YES;
			};
			name = Release;
		};
		6485186C250FAD4A00DE47BF /* Debug */ = {
			isa = XCBuildConfiguration;
			baseConfigurationReference = AD6A3663261B7DBDCE5F4B1F /* Pods-Tarlad.debug.xcconfig */;
			buildSettings = {
				ASSETCATALOG_COMPILER_APPICON_NAME = AppIcon;
				CODE_SIGN_STYLE = Automatic;
				DEVELOPMENT_TEAM = 7U8HYJ2J7V;
				INFOPLIST_FILE = Tarlad/Info.plist;
				IPHONEOS_DEPLOYMENT_TARGET = 11.0;
				LD_RUNPATH_SEARCH_PATHS = (
					"$(inherited)",
					"@executable_path/Frameworks",
				);
				PRODUCT_BUNDLE_IDENTIFIER = com.tarlad.Tarlad;
				PRODUCT_NAME = "$(TARGET_NAME)";
				SWIFT_VERSION = 5.0;
				TARGETED_DEVICE_FAMILY = 1;
			};
			name = Debug;
		};
		6485186D250FAD4A00DE47BF /* Release */ = {
			isa = XCBuildConfiguration;
			baseConfigurationReference = CADC7C9BE86B105585D8EAC4 /* Pods-Tarlad.release.xcconfig */;
			buildSettings = {
				ASSETCATALOG_COMPILER_APPICON_NAME = AppIcon;
				CODE_SIGN_STYLE = Automatic;
				DEVELOPMENT_TEAM = 7U8HYJ2J7V;
				INFOPLIST_FILE = Tarlad/Info.plist;
				IPHONEOS_DEPLOYMENT_TARGET = 11.0;
				LD_RUNPATH_SEARCH_PATHS = (
					"$(inherited)",
					"@executable_path/Frameworks",
				);
				PRODUCT_BUNDLE_IDENTIFIER = com.tarlad.Tarlad;
				PRODUCT_NAME = "$(TARGET_NAME)";
				SWIFT_VERSION = 5.0;
				TARGETED_DEVICE_FAMILY = 1;
			};
			name = Release;
		};
/* End XCBuildConfiguration section */

/* Begin XCConfigurationList section */
		64851850250FAD4800DE47BF /* Build configuration list for PBXProject "Tarlad" */ = {
			isa = XCConfigurationList;
			buildConfigurations = (
				64851869250FAD4A00DE47BF /* Debug */,
				6485186A250FAD4A00DE47BF /* Release */,
			);
			defaultConfigurationIsVisible = 0;
			defaultConfigurationName = Release;
		};
		6485186B250FAD4A00DE47BF /* Build configuration list for PBXNativeTarget "Tarlad" */ = {
			isa = XCConfigurationList;
			buildConfigurations = (
				6485186C250FAD4A00DE47BF /* Debug */,
				6485186D250FAD4A00DE47BF /* Release */,
			);
			defaultConfigurationIsVisible = 0;
			defaultConfigurationName = Release;
		};
/* End XCConfigurationList section */

/* Begin XCVersionGroup section */
		647F7806251EA3C500CB82D6 /* Tarlad.xcdatamodeld */ = {
			isa = XCVersionGroup;
			children = (
				647F7807251EA3C500CB82D6 /* Tarlad.xcdatamodel */,
			);
			currentVersion = 647F7807251EA3C500CB82D6 /* Tarlad.xcdatamodel */;
			path = Tarlad.xcdatamodeld;
			sourceTree = "<group>";
			versionGroupType = wrapper.xcdatamodel;
		};
/* End XCVersionGroup section */
	};
	rootObject = 6485184D250FAD4800DE47BF /* Project object */;
}
